
Microsoft Visual Studio Solution File, Format Version 12.00
# Visual Studio Version 17
VisualStudioVersion = 17.1.32210.238
MinimumVisualStudioVersion = 10.0.40219.1
Project("{FAE04EC0-301F-11D3-BF4B-00C04F79EFBC}") = "uppgift 3.13 Josef Fernandez", "uppgift 3.13 Josef Fernandez\uppgift 3.13 Josef Fernandez.csproj", "{5A10A0B8-E318-4258-ADF3-0694ADF2EE84}"
EndProject
Global
	GlobalSection(SolutionConfigurationPlatforms) = preSolution
		Debug|Any CPU = Debug|Any CPU
		Release|Any CPU = Release|Any CPU
	EndGlobalSection
	GlobalSection(ProjectConfigurationPlatforms) = postSolution
		{5A10A0B8-E318-4258-ADF3-0694ADF2EE84}.Debug|Any CPU.ActiveCfg = Debug|Any CPU
		{5A10A0B8-E318-4258-ADF3-0694ADF2EE84}.Debug|Any CPU.Build.0 = Debug|Any CPU
		{5A10A0B8-E318-4258-ADF3-0694ADF2EE84}.Release|Any CPU.ActiveCfg = Release|Any CPU
		{5A10A0B8-E318-4258-ADF3-0694ADF2EE84}.Release|Any CPU.Build.0 = Release|Any CPU
	EndGlobalSection
	GlobalSection(SolutionProperties) = preSolution
		HideSolutionNode = FALSE
	EndGlobalSection
	GlobalSection(ExtensibilityGlobals) = postSolution
		SolutionGuid = {5CE75FF1-63FF-4D75-A9C0-13315B84BDF9}
	EndGlobalSection
EndGlobal
